// !$*UTF8*$!
{
	archiveVersion = 1;
	classes = {
	};
	objectVersion = 51;
	objects = {

/* Begin PBXBuildFile section */
		1156638124B798F8009E7C61 /* AppDelegate.swift in Sources */ = {isa = PBXBuildFile; fileRef = 1156638024B798F8009E7C61 /* AppDelegate.swift */; };
		1156638324B798F8009E7C61 /* SceneDelegate.swift in Sources */ = {isa = PBXBuildFile; fileRef = 1156638224B798F8009E7C61 /* SceneDelegate.swift */; };
		1156638824B798F8009E7C61 /* Main.storyboard in Resources */ = {isa = PBXBuildFile; fileRef = 1156638624B798F8009E7C61 /* Main.storyboard */; };
		1156638D24B798FA009E7C61 /* LaunchScreen.storyboard in Resources */ = {isa = PBXBuildFile; fileRef = 1156638B24B798FA009E7C61 /* LaunchScreen.storyboard */; };
		1156639B24B79999009E7C61 /* HomeController.swift in Sources */ = {isa = PBXBuildFile; fileRef = 1156639A24B79999009E7C61 /* HomeController.swift */; };
		1156639D24B79A4E009E7C61 /* Extensions.swift in Sources */ = {isa = PBXBuildFile; fileRef = 1156639C24B79A4E009E7C61 /* Extensions.swift */; };
		115663A124B79AD1009E7C61 /* HomeNavigationStackView.swift in Sources */ = {isa = PBXBuildFile; fileRef = 115663A024B79AD1009E7C61 /* HomeNavigationStackView.swift */; };
		115663A324B79BE2009E7C61 /* Assets.xcassets in Resources */ = {isa = PBXBuildFile; fileRef = 115663A224B79BE2009E7C61 /* Assets.xcassets */; };
		115663A524B79F9B009E7C61 /* BottomControlsStackView.swift in Sources */ = {isa = PBXBuildFile; fileRef = 115663A424B79F9B009E7C61 /* BottomControlsStackView.swift */; };
		115663A724B7A3E4009E7C61 /* CardView.swift in Sources */ = {isa = PBXBuildFile; fileRef = 115663A624B7A3E4009E7C61 /* CardView.swift */; };
		115663A924B80B11009E7C61 /* User.swift in Sources */ = {isa = PBXBuildFile; fileRef = 115663A824B80B11009E7C61 /* User.swift */; };
		115663AB24B80C10009E7C61 /* CardViewModel.swift in Sources */ = {isa = PBXBuildFile; fileRef = 115663AA24B80C10009E7C61 /* CardViewModel.swift */; };
		115663AE24B972E7009E7C61 /* LoginController.swift in Sources */ = {isa = PBXBuildFile; fileRef = 115663AD24B972E7009E7C61 /* LoginController.swift */; };
		115663B024B972EF009E7C61 /* RegistrationController.swift in Sources */ = {isa = PBXBuildFile; fileRef = 115663AF24B972EF009E7C61 /* RegistrationController.swift */; };
		115663B224B98DE3009E7C61 /* CustomTextField.swift in Sources */ = {isa = PBXBuildFile; fileRef = 115663B124B98DE3009E7C61 /* CustomTextField.swift */; };
		115663B424BA2AD1009E7C61 /* AuthButton.swift in Sources */ = {isa = PBXBuildFile; fileRef = 115663B324BA2AD1009E7C61 /* AuthButton.swift */; };
		1177E4D624BACDB800F3828D /* AuthenticationViewModel.swift in Sources */ = {isa = PBXBuildFile; fileRef = 1177E4D524BACDB800F3828D /* AuthenticationViewModel.swift */; };
		1177E4DC24BB74C700F3828D /* GoogleService-Info.plist in Resources */ = {isa = PBXBuildFile; fileRef = 1177E4DB24BB74C700F3828D /* GoogleService-Info.plist */; };
		1177E4DE24BB85E000F3828D /* AuthService.swift in Sources */ = {isa = PBXBuildFile; fileRef = 1177E4DD24BB85E000F3828D /* AuthService.swift */; };
		1177E4E024BB85EC00F3828D /* Service.swift in Sources */ = {isa = PBXBuildFile; fileRef = 1177E4DF24BB85EC00F3828D /* Service.swift */; };
		1177E4E224BD173B00F3828D /* Constants.swift in Sources */ = {isa = PBXBuildFile; fileRef = 1177E4E124BD173B00F3828D /* Constants.swift */; };
		1177E4E424BD605700F3828D /* SettingsController.swift in Sources */ = {isa = PBXBuildFile; fileRef = 1177E4E324BD605700F3828D /* SettingsController.swift */; };
		1177E4E624BD740800F3828D /* SettingsHeader.swift in Sources */ = {isa = PBXBuildFile; fileRef = 1177E4E524BD740800F3828D /* SettingsHeader.swift */; };
		55DBE1B565A83FF793EB1A0C /* Pods_Tinder_iOS_13.framework in Frameworks */ = {isa = PBXBuildFile; fileRef = 24390602F1DBD103E7D7541F /* Pods_Tinder_iOS_13.framework */; };
/* End PBXBuildFile section */

/* Begin PBXFileReference section */
		1156637D24B798F8009E7C61 /* Tinder iOS 13.app */ = {isa = PBXFileReference; explicitFileType = wrapper.application; includeInIndex = 0; path = "Tinder iOS 13.app"; sourceTree = BUILT_PRODUCTS_DIR; };
		1156638024B798F8009E7C61 /* AppDelegate.swift */ = {isa = PBXFileReference; lastKnownFileType = sourcecode.swift; path = AppDelegate.swift; sourceTree = "<group>"; };
		1156638224B798F8009E7C61 /* SceneDelegate.swift */ = {isa = PBXFileReference; lastKnownFileType = sourcecode.swift; path = SceneDelegate.swift; sourceTree = "<group>"; };
		1156638724B798F8009E7C61 /* Base */ = {isa = PBXFileReference; lastKnownFileType = file.storyboard; name = Base; path = Base.lproj/Main.storyboard; sourceTree = "<group>"; };
		1156638C24B798FA009E7C61 /* Base */ = {isa = PBXFileReference; lastKnownFileType = file.storyboard; name = Base; path = Base.lproj/LaunchScreen.storyboard; sourceTree = "<group>"; };
		1156638E24B798FA009E7C61 /* Info.plist */ = {isa = PBXFileReference; lastKnownFileType = text.plist.xml; path = Info.plist; sourceTree = "<group>"; };
		1156639A24B79999009E7C61 /* HomeController.swift */ = {isa = PBXFileReference; lastKnownFileType = sourcecode.swift; path = HomeController.swift; sourceTree = "<group>"; };
		1156639C24B79A4E009E7C61 /* Extensions.swift */ = {isa = PBXFileReference; fileEncoding = 4; lastKnownFileType = sourcecode.swift; path = Extensions.swift; sourceTree = "<group>"; };
		115663A024B79AD1009E7C61 /* HomeNavigationStackView.swift */ = {isa = PBXFileReference; lastKnownFileType = sourcecode.swift; path = HomeNavigationStackView.swift; sourceTree = "<group>"; };
		115663A224B79BE2009E7C61 /* Assets.xcassets */ = {isa = PBXFileReference; lastKnownFileType = folder.assetcatalog; name = Assets.xcassets; path = ../../../Downloads/Assets.xcassets; sourceTree = "<group>"; };
		115663A424B79F9B009E7C61 /* BottomControlsStackView.swift */ = {isa = PBXFileReference; lastKnownFileType = sourcecode.swift; path = BottomControlsStackView.swift; sourceTree = "<group>"; };
		115663A624B7A3E4009E7C61 /* CardView.swift */ = {isa = PBXFileReference; lastKnownFileType = sourcecode.swift; path = CardView.swift; sourceTree = "<group>"; };
		115663A824B80B11009E7C61 /* User.swift */ = {isa = PBXFileReference; lastKnownFileType = sourcecode.swift; path = User.swift; sourceTree = "<group>"; };
		115663AA24B80C10009E7C61 /* CardViewModel.swift */ = {isa = PBXFileReference; lastKnownFileType = sourcecode.swift; path = CardViewModel.swift; sourceTree = "<group>"; };
		115663AD24B972E7009E7C61 /* LoginController.swift */ = {isa = PBXFileReference; lastKnownFileType = sourcecode.swift; path = LoginController.swift; sourceTree = "<group>"; };
		115663AF24B972EF009E7C61 /* RegistrationController.swift */ = {isa = PBXFileReference; lastKnownFileType = sourcecode.swift; path = RegistrationController.swift; sourceTree = "<group>"; };
		115663B124B98DE3009E7C61 /* CustomTextField.swift */ = {isa = PBXFileReference; lastKnownFileType = sourcecode.swift; path = CustomTextField.swift; sourceTree = "<group>"; };
		115663B324BA2AD1009E7C61 /* AuthButton.swift */ = {isa = PBXFileReference; lastKnownFileType = sourcecode.swift; path = AuthButton.swift; sourceTree = "<group>"; };
		1177E4D524BACDB800F3828D /* AuthenticationViewModel.swift */ = {isa = PBXFileReference; lastKnownFileType = sourcecode.swift; path = AuthenticationViewModel.swift; sourceTree = "<group>"; };
		1177E4DB24BB74C700F3828D /* GoogleService-Info.plist */ = {isa = PBXFileReference; fileEncoding = 4; lastKnownFileType = text.plist.xml; path = "GoogleService-Info.plist"; sourceTree = "<group>"; };
		1177E4DD24BB85E000F3828D /* AuthService.swift */ = {isa = PBXFileReference; lastKnownFileType = sourcecode.swift; path = AuthService.swift; sourceTree = "<group>"; };
		1177E4DF24BB85EC00F3828D /* Service.swift */ = {isa = PBXFileReference; lastKnownFileType = sourcecode.swift; path = Service.swift; sourceTree = "<group>"; };
		1177E4E124BD173B00F3828D /* Constants.swift */ = {isa = PBXFileReference; lastKnownFileType = sourcecode.swift; path = Constants.swift; sourceTree = "<group>"; };
		1177E4E324BD605700F3828D /* SettingsController.swift */ = {isa = PBXFileReference; lastKnownFileType = sourcecode.swift; path = SettingsController.swift; sourceTree = "<group>"; };
		1177E4E524BD740800F3828D /* SettingsHeader.swift */ = {isa = PBXFileReference; lastKnownFileType = sourcecode.swift; path = SettingsHeader.swift; sourceTree = "<group>"; };
		24390602F1DBD103E7D7541F /* Pods_Tinder_iOS_13.framework */ = {isa = PBXFileReference; explicitFileType = wrapper.framework; includeInIndex = 0; path = Pods_Tinder_iOS_13.framework; sourceTree = BUILT_PRODUCTS_DIR; };
		49FB23804C599C2C93C41CA5 /* Pods-Tinder iOS 13.release.xcconfig */ = {isa = PBXFileReference; includeInIndex = 1; lastKnownFileType = text.xcconfig; name = "Pods-Tinder iOS 13.release.xcconfig"; path = "Target Support Files/Pods-Tinder iOS 13/Pods-Tinder iOS 13.release.xcconfig"; sourceTree = "<group>"; };
		969CC06136C85760EA591446 /* Pods-Tinder iOS 13.debug.xcconfig */ = {isa = PBXFileReference; includeInIndex = 1; lastKnownFileType = text.xcconfig; name = "Pods-Tinder iOS 13.debug.xcconfig"; path = "Target Support Files/Pods-Tinder iOS 13/Pods-Tinder iOS 13.debug.xcconfig"; sourceTree = "<group>"; };
/* End PBXFileReference section */

/* Begin PBXFrameworksBuildPhase section */
		1156637A24B798F8009E7C61 /* Frameworks */ = {
			isa = PBXFrameworksBuildPhase;
			buildActionMask = 2147483647;
			files = (
				55DBE1B565A83FF793EB1A0C /* Pods_Tinder_iOS_13.framework in Frameworks */,
			);
			runOnlyForDeploymentPostprocessing = 0;
		};
/* End PBXFrameworksBuildPhase section */

/* Begin PBXGroup section */
		1156637424B798F8009E7C61 = {
			isa = PBXGroup;
			children = (
				1156637F24B798F8009E7C61 /* Tinder iOS 13 */,
				1156637E24B798F8009E7C61 /* Products */,
				1EE68185FC26CB8715277A44 /* Pods */,
				798604A9D9A86FCFA8878F47 /* Frameworks */,
			);
			sourceTree = "<group>";
		};
		1156637E24B798F8009E7C61 /* Products */ = {
			isa = PBXGroup;
			children = (
				1156637D24B798F8009E7C61 /* Tinder iOS 13.app */,
			);
			name = Products;
			sourceTree = "<group>";
		};
		1156637F24B798F8009E7C61 /* Tinder iOS 13 */ = {
			isa = PBXGroup;
			children = (
				1156639924B79922009E7C61 /* Model */,
				1156639824B7991F009E7C61 /* View */,
				1156639724B7991D009E7C61 /* ViewModel */,
				1156639624B7991B009E7C61 /* Controller */,
				1156639524B7991A009E7C61 /* API */,
				1156639424B79916009E7C61 /* Utilities */,
				1156638024B798F8009E7C61 /* AppDelegate.swift */,
				1156638224B798F8009E7C61 /* SceneDelegate.swift */,
				1156638624B798F8009E7C61 /* Main.storyboard */,
				115663A224B79BE2009E7C61 /* Assets.xcassets */,
				1156638B24B798FA009E7C61 /* LaunchScreen.storyboard */,
				1177E4DB24BB74C700F3828D /* GoogleService-Info.plist */,
				1156638E24B798FA009E7C61 /* Info.plist */,
			);
			path = "Tinder iOS 13";
			sourceTree = "<group>";
		};
		1156639424B79916009E7C61 /* Utilities */ = {
			isa = PBXGroup;
			children = (
				1156639C24B79A4E009E7C61 /* Extensions.swift */,
				115663B124B98DE3009E7C61 /* CustomTextField.swift */,
				115663B324BA2AD1009E7C61 /* AuthButton.swift */,
				1177E4E124BD173B00F3828D /* Constants.swift */,
			);
			path = Utilities;
			sourceTree = "<group>";
		};
		1156639524B7991A009E7C61 /* API */ = {
			isa = PBXGroup;
			children = (
				1177E4DD24BB85E000F3828D /* AuthService.swift */,
				1177E4DF24BB85EC00F3828D /* Service.swift */,
			);
			path = API;
			sourceTree = "<group>";
		};
		1156639624B7991B009E7C61 /* Controller */ = {
			isa = PBXGroup;
			children = (
				115663AC24B972D7009E7C61 /* Authentication */,
				1156639A24B79999009E7C61 /* HomeController.swift */,
				1177E4E324BD605700F3828D /* SettingsController.swift */,
			);
			path = Controller;
			sourceTree = "<group>";
		};
		1156639724B7991D009E7C61 /* ViewModel */ = {
			isa = PBXGroup;
			children = (
				115663AA24B80C10009E7C61 /* CardViewModel.swift */,
				1177E4D524BACDB800F3828D /* AuthenticationViewModel.swift */,
			);
			path = ViewModel;
			sourceTree = "<group>";
		};
		1156639824B7991F009E7C61 /* View */ = {
			isa = PBXGroup;
			children = (
				115663A024B79AD1009E7C61 /* HomeNavigationStackView.swift */,
				115663A424B79F9B009E7C61 /* BottomControlsStackView.swift */,
				115663A624B7A3E4009E7C61 /* CardView.swift */,
				1177E4E524BD740800F3828D /* SettingsHeader.swift */,
			);
			path = View;
			sourceTree = "<group>";
		};
		1156639924B79922009E7C61 /* Model */ = {
			isa = PBXGroup;
			children = (
				115663A824B80B11009E7C61 /* User.swift */,
			);
			path = Model;
			sourceTree = "<group>";
		};
		115663AC24B972D7009E7C61 /* Authentication */ = {
			isa = PBXGroup;
			children = (
				115663AD24B972E7009E7C61 /* LoginController.swift */,
				115663AF24B972EF009E7C61 /* RegistrationController.swift */,
			);
			path = Authentication;
			sourceTree = "<group>";
		};
		1EE68185FC26CB8715277A44 /* Pods */ = {
			isa = PBXGroup;
			children = (
				969CC06136C85760EA591446 /* Pods-Tinder iOS 13.debug.xcconfig */,
				49FB23804C599C2C93C41CA5 /* Pods-Tinder iOS 13.release.xcconfig */,
			);
			path = Pods;
			sourceTree = "<group>";
		};
		798604A9D9A86FCFA8878F47 /* Frameworks */ = {
			isa = PBXGroup;
			children = (
				24390602F1DBD103E7D7541F /* Pods_Tinder_iOS_13.framework */,
			);
			name = Frameworks;
			sourceTree = "<group>";
		};
/* End PBXGroup section */

/* Begin PBXNativeTarget section */
		1156637C24B798F8009E7C61 /* Tinder iOS 13 */ = {
			isa = PBXNativeTarget;
			buildConfigurationList = 1156639124B798FA009E7C61 /* Build configuration list for PBXNativeTarget "Tinder iOS 13" */;
			buildPhases = (
				1F16D8C898D07B51F93DC088 /* [CP] Check Pods Manifest.lock */,
				1156637924B798F8009E7C61 /* Sources */,
				1156637A24B798F8009E7C61 /* Frameworks */,
				1156637B24B798F8009E7C61 /* Resources */,
				91A88FCC6D93FD0A7552FA58 /* [CP] Embed Pods Frameworks */,
			);
			buildRules = (
			);
			dependencies = (
			);
			name = "Tinder iOS 13";
			productName = "Tinder iOS 13";
			productReference = 1156637D24B798F8009E7C61 /* Tinder iOS 13.app */;
			productType = "com.apple.product-type.application";
		};
/* End PBXNativeTarget section */

/* Begin PBXProject section */
		1156637524B798F8009E7C61 /* Project object */ = {
			isa = PBXProject;
			attributes = {
				LastSwiftUpdateCheck = 1150;
				LastUpgradeCheck = 1150;
				ORGANIZATIONNAME = "Stanley Traub";
				TargetAttributes = {
					1156637C24B798F8009E7C61 = {
						CreatedOnToolsVersion = 11.5;
					};
				};
			};
			buildConfigurationList = 1156637824B798F8009E7C61 /* Build configuration list for PBXProject "Tinder iOS 13" */;
			compatibilityVersion = "Xcode 9.3";
			developmentRegion = en;
			hasScannedForEncodings = 0;
			knownRegions = (
				en,
				Base,
			);
			mainGroup = 1156637424B798F8009E7C61;
			productRefGroup = 1156637E24B798F8009E7C61 /* Products */;
			projectDirPath = "";
			projectRoot = "";
			targets = (
				1156637C24B798F8009E7C61 /* Tinder iOS 13 */,
			);
		};
/* End PBXProject section */

/* Begin PBXResourcesBuildPhase section */
		1156637B24B798F8009E7C61 /* Resources */ = {
			isa = PBXResourcesBuildPhase;
			buildActionMask = 2147483647;
			files = (
				1156638D24B798FA009E7C61 /* LaunchScreen.storyboard in Resources */,
				1177E4DC24BB74C700F3828D /* GoogleService-Info.plist in Resources */,
				1156638824B798F8009E7C61 /* Main.storyboard in Resources */,
				115663A324B79BE2009E7C61 /* Assets.xcassets in Resources */,
			);
			runOnlyForDeploymentPostprocessing = 0;
		};
/* End PBXResourcesBuildPhase section */

/* Begin PBXShellScriptBuildPhase section */
		1F16D8C898D07B51F93DC088 /* [CP] Check Pods Manifest.lock */ = {
			isa = PBXShellScriptBuildPhase;
			buildActionMask = 2147483647;
			files = (
			);
			inputFileListPaths = (
			);
			inputPaths = (
				"${PODS_PODFILE_DIR_PATH}/Podfile.lock",
				"${PODS_ROOT}/Manifest.lock",
			);
			name = "[CP] Check Pods Manifest.lock";
			outputFileListPaths = (
			);
			outputPaths = (
				"$(DERIVED_FILE_DIR)/Pods-Tinder iOS 13-checkManifestLockResult.txt",
			);
			runOnlyForDeploymentPostprocessing = 0;
			shellPath = /bin/sh;
			shellScript = "diff \"${PODS_PODFILE_DIR_PATH}/Podfile.lock\" \"${PODS_ROOT}/Manifest.lock\" > /dev/null\nif [ $? != 0 ] ; then\n    # print error to STDERR\n    echo \"error: The sandbox is not in sync with the Podfile.lock. Run 'pod install' or update your CocoaPods installation.\" >&2\n    exit 1\nfi\n# This output is used by Xcode 'outputs' to avoid re-running this script phase.\necho \"SUCCESS\" > \"${SCRIPT_OUTPUT_FILE_0}\"\n";
			showEnvVarsInLog = 0;
		};
		91A88FCC6D93FD0A7552FA58 /* [CP] Embed Pods Frameworks */ = {
			isa = PBXShellScriptBuildPhase;
			buildActionMask = 2147483647;
			files = (
			);
			inputFileListPaths = (
				"${PODS_ROOT}/Target Support Files/Pods-Tinder iOS 13/Pods-Tinder iOS 13-frameworks-${CONFIGURATION}-input-files.xcfilelist",
			);
			name = "[CP] Embed Pods Frameworks";
			outputFileListPaths = (
				"${PODS_ROOT}/Target Support Files/Pods-Tinder iOS 13/Pods-Tinder iOS 13-frameworks-${CONFIGURATION}-output-files.xcfilelist",
			);
			runOnlyForDeploymentPostprocessing = 0;
			shellPath = /bin/sh;
			shellScript = "\"${PODS_ROOT}/Target Support Files/Pods-Tinder iOS 13/Pods-Tinder iOS 13-frameworks.sh\"\n";
			showEnvVarsInLog = 0;
		};
/* End PBXShellScriptBuildPhase section */

/* Begin PBXSourcesBuildPhase section */
		1156637924B798F8009E7C61 /* Sources */ = {
			isa = PBXSourcesBuildPhase;
			buildActionMask = 2147483647;
			files = (
				1177E4E424BD605700F3828D /* SettingsController.swift in Sources */,
				115663A724B7A3E4009E7C61 /* CardView.swift in Sources */,
				1177E4E224BD173B00F3828D /* Constants.swift in Sources */,
				115663B424BA2AD1009E7C61 /* AuthButton.swift in Sources */,
				1177E4D624BACDB800F3828D /* AuthenticationViewModel.swift in Sources */,
				115663A524B79F9B009E7C61 /* BottomControlsStackView.swift in Sources */,
				1156638124B798F8009E7C61 /* AppDelegate.swift in Sources */,
				115663A124B79AD1009E7C61 /* HomeNavigationStackView.swift in Sources */,
				115663A924B80B11009E7C61 /* User.swift in Sources */,
				1156638324B798F8009E7C61 /* SceneDelegate.swift in Sources */,
				115663B024B972EF009E7C61 /* RegistrationController.swift in Sources */,
				1177E4E024BB85EC00F3828D /* Service.swift in Sources */,
				1156639B24B79999009E7C61 /* HomeController.swift in Sources */,
				115663B224B98DE3009E7C61 /* CustomTextField.swift in Sources */,
				1156639D24B79A4E009E7C61 /* Extensions.swift in Sources */,
				1177E4E624BD740800F3828D /* SettingsHeader.swift in Sources */,
				1177E4DE24BB85E000F3828D /* AuthService.swift in Sources */,
				115663AB24B80C10009E7C61 /* CardViewModel.swift in Sources */,
				115663AE24B972E7009E7C61 /* LoginController.swift in Sources */,
			);
			runOnlyForDeploymentPostprocessing = 0;
		};
/* End PBXSourcesBuildPhase section */

/* Begin PBXVariantGroup section */
		1156638624B798F8009E7C61 /* Main.storyboard */ = {
			isa = PBXVariantGroup;
			children = (
				1156638724B798F8009E7C61 /* Base */,
			);
			name = Main.storyboard;
			sourceTree = "<group>";
		};
		1156638B24B798FA009E7C61 /* LaunchScreen.storyboard */ = {
			isa = PBXVariantGroup;
			children = (
				1156638C24B798FA009E7C61 /* Base */,
			);
			name = LaunchScreen.storyboard;
			sourceTree = "<group>";
		};
/* End PBXVariantGroup section */

/* Begin XCBuildConfiguration section */
		1156638F24B798FA009E7C61 /* Debug */ = {
			isa = XCBuildConfiguration;
			buildSettings = {
				ALWAYS_SEARCH_USER_PATHS = NO;
				CLANG_ANALYZER_NONNULL = YES;
				CLANG_ANALYZER_NUMBER_OBJECT_CONVERSION = YES_AGGRESSIVE;
				CLANG_CXX_LANGUAGE_STANDARD = "gnu++14";
				CLANG_CXX_LIBRARY = "libc++";
				CLANG_ENABLE_MODULES = YES;
				CLANG_ENABLE_OBJC_ARC = YES;
				CLANG_ENABLE_OBJC_WEAK = YES;
				CLANG_WARN_BLOCK_CAPTURE_AUTORELEASING = YES;
				CLANG_WARN_BOOL_CONVERSION = YES;
				CLANG_WARN_COMMA = YES;
				CLANG_WARN_CONSTANT_CONVERSION = YES;
				CLANG_WARN_DEPRECATED_OBJC_IMPLEMENTATIONS = YES;
				CLANG_WARN_DIRECT_OBJC_ISA_USAGE = YES_ERROR;
				CLANG_WARN_DOCUMENTATION_COMMENTS = YES;
				CLANG_WARN_EMPTY_BODY = YES;
				CLANG_WARN_ENUM_CONVERSION = YES;
				CLANG_WARN_INFINITE_RECURSION = YES;
				CLANG_WARN_INT_CONVERSION = YES;
				CLANG_WARN_NON_LITERAL_NULL_CONVERSION = YES;
				CLANG_WARN_OBJC_IMPLICIT_RETAIN_SELF = YES;
				CLANG_WARN_OBJC_LITERAL_CONVERSION = YES;
				CLANG_WARN_OBJC_ROOT_CLASS = YES_ERROR;
				CLANG_WARN_RANGE_LOOP_ANALYSIS = YES;
				CLANG_WARN_STRICT_PROTOTYPES = YES;
				CLANG_WARN_SUSPICIOUS_MOVE = YES;
				CLANG_WARN_UNGUARDED_AVAILABILITY = YES_AGGRESSIVE;
				CLANG_WARN_UNREACHABLE_CODE = YES;
				CLANG_WARN__DUPLICATE_METHOD_MATCH = YES;
				COPY_PHASE_STRIP = NO;
				DEBUG_INFORMATION_FORMAT = dwarf;
				ENABLE_STRICT_OBJC_MSGSEND = YES;
				ENABLE_TESTABILITY = YES;
				GCC_C_LANGUAGE_STANDARD = gnu11;
				GCC_DYNAMIC_NO_PIC = NO;
				GCC_NO_COMMON_BLOCKS = YES;
				GCC_OPTIMIZATION_LEVEL = 0;
				GCC_PREPROCESSOR_DEFINITIONS = (
					"DEBUG=1",
					"$(inherited)",
				);
				GCC_WARN_64_TO_32_BIT_CONVERSION = YES;
				GCC_WARN_ABOUT_RETURN_TYPE = YES_ERROR;
				GCC_WARN_UNDECLARED_SELECTOR = YES;
				GCC_WARN_UNINITIALIZED_AUTOS = YES_AGGRESSIVE;
				GCC_WARN_UNUSED_FUNCTION = YES;
				GCC_WARN_UNUSED_VARIABLE = YES;
				IPHONEOS_DEPLOYMENT_TARGET = 13.5;
				MTL_ENABLE_DEBUG_INFO = INCLUDE_SOURCE;
				MTL_FAST_MATH = YES;
				ONLY_ACTIVE_ARCH = YES;
				SDKROOT = iphoneos;
				SWIFT_ACTIVE_COMPILATION_CONDITIONS = DEBUG;
				SWIFT_OPTIMIZATION_LEVEL = "-Onone";
			};
			name = Debug;
		};
		1156639024B798FA009E7C61 /* Release */ = {
			isa = XCBuildConfiguration;
			buildSettings = {
				ALWAYS_SEARCH_USER_PATHS = NO;
				CLANG_ANALYZER_NONNULL = YES;
				CLANG_ANALYZER_NUMBER_OBJECT_CONVERSION = YES_AGGRESSIVE;
				CLANG_CXX_LANGUAGE_STANDARD = "gnu++14";
				CLANG_CXX_LIBRARY = "libc++";
				CLANG_ENABLE_MODULES = YES;
				CLANG_ENABLE_OBJC_ARC = YES;
				CLANG_ENABLE_OBJC_WEAK = YES;
				CLANG_WARN_BLOCK_CAPTURE_AUTORELEASING = YES;
				CLANG_WARN_BOOL_CONVERSION = YES;
				CLANG_WARN_COMMA = YES;
				CLANG_WARN_CONSTANT_CONVERSION = YES;
				CLANG_WARN_DEPRECATED_OBJC_IMPLEMENTATIONS = YES;
				CLANG_WARN_DIRECT_OBJC_ISA_USAGE = YES_ERROR;
				CLANG_WARN_DOCUMENTATION_COMMENTS = YES;
				CLANG_WARN_EMPTY_BODY = YES;
				CLANG_WARN_ENUM_CONVERSION = YES;
				CLANG_WARN_INFINITE_RECURSION = YES;
				CLANG_WARN_INT_CONVERSION = YES;
				CLANG_WARN_NON_LITERAL_NULL_CONVERSION = YES;
				CLANG_WARN_OBJC_IMPLICIT_RETAIN_SELF = YES;
				CLANG_WARN_OBJC_LITERAL_CONVERSION = YES;
				CLANG_WARN_OBJC_ROOT_CLASS = YES_ERROR;
				CLANG_WARN_RANGE_LOOP_ANALYSIS = YES;
				CLANG_WARN_STRICT_PROTOTYPES = YES;
				CLANG_WARN_SUSPICIOUS_MOVE = YES;
				CLANG_WARN_UNGUARDED_AVAILABILITY = YES_AGGRESSIVE;
				CLANG_WARN_UNREACHABLE_CODE = YES;
				CLANG_WARN__DUPLICATE_METHOD_MATCH = YES;
				COPY_PHASE_STRIP = NO;
				DEBUG_INFORMATION_FORMAT = "dwarf-with-dsym";
				ENABLE_NS_ASSERTIONS = NO;
				ENABLE_STRICT_OBJC_MSGSEND = YES;
				GCC_C_LANGUAGE_STANDARD = gnu11;
				GCC_NO_COMMON_BLOCKS = YES;
				GCC_WARN_64_TO_32_BIT_CONVERSION = YES;
				GCC_WARN_ABOUT_RETURN_TYPE = YES_ERROR;
				GCC_WARN_UNDECLARED_SELECTOR = YES;
				GCC_WARN_UNINITIALIZED_AUTOS = YES_AGGRESSIVE;
				GCC_WARN_UNUSED_FUNCTION = YES;
				GCC_WARN_UNUSED_VARIABLE = YES;
				IPHONEOS_DEPLOYMENT_TARGET = 13.5;
				MTL_ENABLE_DEBUG_INFO = NO;
				MTL_FAST_MATH = YES;
				SDKROOT = iphoneos;
				SWIFT_COMPILATION_MODE = wholemodule;
				SWIFT_OPTIMIZATION_LEVEL = "-O";
				VALIDATE_PRODUCT = YES;
			};
			name = Release;
		};
		1156639224B798FA009E7C61 /* Debug */ = {
			isa = XCBuildConfiguration;
			baseConfigurationReference = 969CC06136C85760EA591446 /* Pods-Tinder iOS 13.debug.xcconfig */;
			buildSettings = {
				ASSETCATALOG_COMPILER_APPICON_NAME = AppIcon;
				CODE_SIGN_STYLE = Automatic;
				DEVELOPMENT_TEAM = N8Z6DLFKLR;
				INFOPLIST_FILE = "Tinder iOS 13/Info.plist";
				LD_RUNPATH_SEARCH_PATHS = (
					"$(inherited)",
					"@executable_path/Frameworks",
				);
				PRODUCT_BUNDLE_IDENTIFIER = "com.stanleytraub.Tinder-iOS-13";
				PRODUCT_NAME = "$(TARGET_NAME)";
				SWIFT_VERSION = 5.0;
				TARGETED_DEVICE_FAMILY = "1,2";
			};
			name = Debug;
		};
		1156639324B798FA009E7C61 /* Release */ = {
			isa = XCBuildConfiguration;
			baseConfigurationReference = 49FB23804C599C2C93C41CA5 /* Pods-Tinder iOS 13.release.xcconfig */;
			buildSettings = {
				ASSETCATALOG_COMPILER_APPICON_NAME = AppIcon;
				CODE_SIGN_STYLE = Automatic;
				DEVELOPMENT_TEAM = N8Z6DLFKLR;
				INFOPLIST_FILE = "Tinder iOS 13/Info.plist";
				LD_RUNPATH_SEARCH_PATHS = (
					"$(inherited)",
					"@executable_path/Frameworks",
				);
				PRODUCT_BUNDLE_IDENTIFIER = "com.stanleytraub.Tinder-iOS-13";
				PRODUCT_NAME = "$(TARGET_NAME)";
				SWIFT_VERSION = 5.0;
				TARGETED_DEVICE_FAMILY = "1,2";
			};
			name = Release;
		};
/* End XCBuildConfiguration section */

/* Begin XCConfigurationList section */
		1156637824B798F8009E7C61 /* Build configuration list for PBXProject "Tinder iOS 13" */ = {
			isa = XCConfigurationList;
			buildConfigurations = (
				1156638F24B798FA009E7C61 /* Debug */,
				1156639024B798FA009E7C61 /* Release */,
			);
			defaultConfigurationIsVisible = 0;
			defaultConfigurationName = Release;
		};
		1156639124B798FA009E7C61 /* Build configuration list for PBXNativeTarget "Tinder iOS 13" */ = {
			isa = XCConfigurationList;
			buildConfigurations = (
				1156639224B798FA009E7C61 /* Debug */,
				1156639324B798FA009E7C61 /* Release */,
			);
			defaultConfigurationIsVisible = 0;
			defaultConfigurationName = Release;
		};
/* End XCConfigurationList section */
	};
	rootObject = 1156637524B798F8009E7C61 /* Project object */;
}
